
Microsoft Visual Studio Solution File, Format Version 12.00
# Visual Studio Version 17
VisualStudioVersion = 17.0.32126.317
MinimumVisualStudioVersion = 10.0.40219.1
Project("{FAE04EC0-301F-11D3-BF4B-00C04F79EFBC}") = "ChainOfResponsibility(DesignPatterns)", "ChainOfResponsibility(DesignPatterns).csproj", "{164607E5-A898-4D79-A458-976EFE1F2E8B}"
EndProject
Global
	GlobalSection(SolutionConfigurationPlatforms) = preSolution
		Debug|Any CPU = Debug|Any CPU
		Release|Any CPU = Release|Any CPU
	EndGlobalSection
	GlobalSection(ProjectConfigurationPlatforms) = postSolution
		{164607E5-A898-4D79-A458-976EFE1F2E8B}.Debug|Any CPU.ActiveCfg = Debug|Any CPU
		{164607E5-A898-4D79-A458-976EFE1F2E8B}.Debug|Any CPU.Build.0 = Debug|Any CPU
		{164607E5-A898-4D79-A458-976EFE1F2E8B}.Release|Any CPU.ActiveCfg = Release|Any CPU
		{164607E5-A898-4D79-A458-976EFE1F2E8B}.Release|Any CPU.Build.0 = Release|Any CPU
	EndGlobalSection
	GlobalSection(SolutionProperties) = preSolution
		HideSolutionNode = FALSE
	EndGlobalSection
	GlobalSection(ExtensibilityGlobals) = postSolution
		SolutionGuid = {C4653021-185E-470B-AF32-A824205095D6}
	EndGlobalSection
EndGlobal
